PODS:
  - TSMessages (0.9.3)
  - WSAssetPickerController (0.2.1)

DEPENDENCIES:
  - TSMessages (= 0.9.3)
  - WSAssetPickerController (from `./`)

EXTERNAL SOURCES:
  WSAssetPickerController:
    :path: ./

SPEC CHECKSUMS:
  TSMessages: de3b05968ed3fab63a159870354a2f4da7185789
  WSAssetPickerController: d6c426c858b5562b60422d460a50758f8ee0d5d3

COCOAPODS: 0.34.4
