PODS:
  - TSMessages (0.9.3)
  - WSAssetPickerController (0.2.2)

DEPENDENCIES:
  - TSMessages (= 0.9.3)
  - WSAssetPickerController (from `./`)

EXTERNAL SOURCES:
  WSAssetPickerController:
    :path: ./

SPEC CHECKSUMS:
  TSMessages: de3b05968ed3fab63a159870354a2f4da7185789
  WSAssetPickerController: 2e3e4b8131aa8168c46a01edb01e6813dc4b9598

COCOAPODS: 0.34.4
