<?xml version="1.0" encoding="UTF-8"?>
<!DOCTYPE plist PUBLIC "-//Apple//DTD PLIST 1.0//EN" "http://www.apple.com/DTDs/PropertyList-1.0.dtd">
<plist version="1.0">
<dict>
	<key>archiveVersion</key>
	<string>1</string>
	<key>classes</key>
	<dict/>
	<key>objectVersion</key>
	<string>46</string>
	<key>objects</key>
	<dict>
		<key>04876A051A31921900350563</key>
		<dict>
			<key>fileEncoding</key>
			<string>4</string>
			<key>isa</key>
			<string>PBXFileReference</string>
			<key>lastKnownFileType</key>
			<string>sourcecode.c.h</string>
			<key>path</key>
			<string>WSAssetPickGroupDelegate.h</string>
			<key>sourceTree</key>
			<string>&lt;group&gt;</string>
		</dict>
		<key>04876A061A31921900350563</key>
		<dict>
			<key>fileRef</key>
			<string>04876A051A31921900350563</string>
			<key>isa</key>
			<string>PBXBuildFile</string>
			<key>settings</key>
			<dict>
				<key>ATTRIBUTES</key>
				<array>
					<string>Public</string>
				</array>
			</dict>
		</dict>
		<key>04876A071A319AC900350563</key>
		<dict>
			<key>isa</key>
			<string>PBXFileReference</string>
			<key>lastKnownFileType</key>
			<string>archive.ar</string>
			<key>name</key>
			<string>libPods.a</string>
			<key>path</key>
			<string>Pods/build/Debug-iphoneos/libPods.a</string>
			<key>sourceTree</key>
			<string>&lt;group&gt;</string>
		</dict>
		<key>04876A081A319AC900350563</key>
		<dict>
			<key>fileRef</key>
			<string>04876A071A319AC900350563</string>
			<key>isa</key>
			<string>PBXBuildFile</string>
		</dict>
		<key>04876A1E1A34115300350563</key>
		<dict>
			<key>isa</key>
			<string>PBXFileReference</string>
			<key>lastKnownFileType</key>
			<string>image.png</string>
			<key>path</key>
			<string>photo_select_asset_choose@2x.png</string>
			<key>sourceTree</key>
			<string>&lt;group&gt;</string>
		</dict>
		<key>04876A1F1A34115300350563</key>
		<dict>
			<key>isa</key>
			<string>PBXFileReference</string>
			<key>lastKnownFileType</key>
			<string>image.png</string>
			<key>path</key>
			<string>photo_select_asset_unchoose@2x.png</string>
			<key>sourceTree</key>
			<string>&lt;group&gt;</string>
		</dict>
		<key>04876A201A34115300350563</key>
		<dict>
			<key>fileRef</key>
			<string>04876A1E1A34115300350563</string>
			<key>isa</key>
			<string>PBXBuildFile</string>
		</dict>
		<key>04876A211A34115300350563</key>
		<dict>
			<key>fileRef</key>
			<string>04876A1F1A34115300350563</string>
			<key>isa</key>
			<string>PBXBuildFile</string>
		</dict>
		<key>2DC068E37F81F9C12B440946</key>
		<dict>
			<key>explicitFileType</key>
			<string>archive.ar</string>
			<key>includeInIndex</key>
			<string>0</string>
			<key>isa</key>
			<string>PBXFileReference</string>
			<key>path</key>
			<string>libPods-Picker Demo.a</string>
			<key>sourceTree</key>
			<string>BUILT_PRODUCTS_DIR</string>
		</dict>
		<key>4AE5CCE7156AB810004C2AB7</key>
		<dict>
			<key>isa</key>
			<string>PBXFileReference</string>
			<key>lastKnownFileType</key>
			<string>wrapper.framework</string>
			<key>name</key>
			<string>QuartzCore.framework</string>
			<key>path</key>
			<string>System/Library/Frameworks/QuartzCore.framework</string>
			<key>sourceTree</key>
			<string>SDKROOT</string>
		</dict>
		<key>4AE5CCE8156AB810004C2AB7</key>
		<dict>
			<key>fileRef</key>
			<string>4AE5CCE7156AB810004C2AB7</string>
			<key>isa</key>
			<string>PBXBuildFile</string>
		</dict>
		<key>6766F131D96DE25B19B5F6D2</key>
		<dict>
			<key>includeInIndex</key>
			<string>1</string>
			<key>isa</key>
			<string>PBXFileReference</string>
			<key>lastKnownFileType</key>
			<string>text.xcconfig</string>
			<key>name</key>
			<string>Pods.debug.xcconfig</string>
			<key>path</key>
			<string>Pods/Target Support Files/Pods/Pods.debug.xcconfig</string>
			<key>sourceTree</key>
			<string>&lt;group&gt;</string>
		</dict>
		<key>862712CA7B4249E2B9782464</key>
		<dict>
			<key>buildActionMask</key>
			<string>2147483647</string>
			<key>files</key>
			<array/>
			<key>inputPaths</key>
			<array/>
			<key>isa</key>
			<string>PBXShellScriptBuildPhase</string>
			<key>name</key>
			<string>Check Pods Manifest.lock</string>
			<key>outputPaths</key>
			<array/>
			<key>runOnlyForDeploymentPostprocessing</key>
			<string>0</string>
			<key>shellPath</key>
			<string>/bin/sh</string>
			<key>shellScript</key>
			<string>diff "${PODS_ROOT}/../Podfile.lock" "${PODS_ROOT}/Manifest.lock" &gt; /dev/null
if [[ $? != 0 ]] ; then
    cat &lt;&lt; EOM
error: The sandbox is not in sync with the Podfile.lock. Run 'pod install' or update your CocoaPods installation.
EOM
    exit 1
fi
</string>
		</dict>
		<key>A85B7853C35840A09505658E</key>
		<dict>
			<key>buildActionMask</key>
			<string>2147483647</string>
			<key>files</key>
			<array/>
			<key>inputPaths</key>
			<array/>
			<key>isa</key>
			<string>PBXShellScriptBuildPhase</string>
			<key>name</key>
			<string>Copy Pods Resources</string>
			<key>outputPaths</key>
			<array/>
			<key>runOnlyForDeploymentPostprocessing</key>
			<string>0</string>
			<key>shellPath</key>
			<string>/bin/sh</string>
			<key>shellScript</key>
			<string>"${SRCROOT}/Pods/Target Support Files/Pods-Picker Demo/Pods-Picker Demo-resources.sh"
</string>
			<key>showEnvVarsInLog</key>
			<string>0</string>
		</dict>
		<key>B12CA5892572DDC29D4A69FA</key>
		<dict>
			<key>includeInIndex</key>
			<string>1</string>
			<key>isa</key>
			<string>PBXFileReference</string>
			<key>lastKnownFileType</key>
			<string>text.xcconfig</string>
			<key>name</key>
			<string>Pods.release.xcconfig</string>
			<key>path</key>
			<string>Pods/Target Support Files/Pods/Pods.release.xcconfig</string>
			<key>sourceTree</key>
			<string>&lt;group&gt;</string>
		</dict>
		<key>C98988BA18F86F735445A731</key>
		<dict>
			<key>children</key>
			<array>
				<string>6766F131D96DE25B19B5F6D2</string>
				<string>B12CA5892572DDC29D4A69FA</string>
			</array>
			<key>isa</key>
			<string>PBXGroup</string>
			<key>name</key>
			<string>Pods</string>
			<key>sourceTree</key>
			<string>&lt;group&gt;</string>
		</dict>
		<key>DAB1919A73B1CD4E0672C406</key>
		<dict>
			<key>fileRef</key>
			<string>2DC068E37F81F9C12B440946</string>
			<key>isa</key>
			<string>PBXBuildFile</string>
		</dict>
		<key>DE017CE9155EC92F002E7BB0</key>
		<dict>
			<key>children</key>
			<array>
				<string>DEC2ADE115C5D5D60078B2C7</string>
				<string>DEC2AE0215C5D6270078B2C7</string>
				<string>DE017CF7155EC92F002E7BB0</string>
				<string>DE017CF5155EC92F002E7BB0</string>
				<string>C98988BA18F86F735445A731</string>
			</array>
			<key>isa</key>
			<string>PBXGroup</string>
			<key>sourceTree</key>
			<string>&lt;group&gt;</string>
		</dict>
		<key>DE017CEB155EC92F002E7BB0</key>
		<dict>
			<key>attributes</key>
			<dict>
				<key>CLASSPREFIX</key>
				<string>WS</string>
				<key>LastUpgradeCheck</key>
				<string>0500</string>
				<key>ORGANIZATIONNAME</key>
				<string>Wesley D. Smith</string>
			</dict>
			<key>buildConfigurationList</key>
			<string>DE017CEE155EC92F002E7BB0</string>
			<key>compatibilityVersion</key>
			<string>Xcode 3.2</string>
			<key>developmentRegion</key>
			<string>English</string>
			<key>hasScannedForEncodings</key>
			<string>0</string>
			<key>isa</key>
			<string>PBXProject</string>
			<key>knownRegions</key>
			<array>
				<string>en</string>
			</array>
			<key>mainGroup</key>
			<string>DE017CE9155EC92F002E7BB0</string>
			<key>productRefGroup</key>
			<string>DE017CF5155EC92F002E7BB0</string>
			<key>projectDirPath</key>
			<string></string>
			<key>projectReferences</key>
			<array/>
			<key>projectRoot</key>
			<string></string>
			<key>targets</key>
			<array>
				<string>DE017CF3155EC92F002E7BB0</string>
				<string>DEEC0FF1156B32B600B1F0D2</string>
				<string>DEC0BC57164F3FF80078003F</string>
			</array>
		</dict>
		<key>DE017CEE155EC92F002E7BB0</key>
		<dict>
			<key>buildConfigurations</key>
			<array>
				<string>DE017D1F155EC930002E7BB0</string>
				<string>DE017D20155EC930002E7BB0</string>
			</array>
			<key>defaultConfigurationIsVisible</key>
			<string>0</string>
			<key>defaultConfigurationName</key>
			<string>Release</string>
			<key>isa</key>
			<string>XCConfigurationList</string>
		</dict>
		<key>DE017CF0155EC92F002E7BB0</key>
		<dict>
			<key>buildActionMask</key>
			<string>2147483647</string>
			<key>files</key>
			<array>
				<string>DEC2AE1015C5D6270078B2C7</string>
				<string>DEC2AE1215C5D6270078B2C7</string>
				<string>DEC2AE1615C5D6270078B2C7</string>
			</array>
			<key>isa</key>
			<string>PBXSourcesBuildPhase</string>
			<key>runOnlyForDeploymentPostprocessing</key>
			<string>0</string>
		</dict>
		<key>DE017CF1155EC92F002E7BB0</key>
		<dict>
			<key>buildActionMask</key>
			<string>2147483647</string>
			<key>files</key>
			<array>
				<string>04876A081A319AC900350563</string>
				<string>DEEC102A156B39AB00B1F0D2</string>
				<string>4AE5CCE8156AB810004C2AB7</string>
				<string>DE7FF814155ECB0A00D7B3E8</string>
				<string>DE017CF9155EC92F002E7BB0</string>
				<string>DE017CFB155EC92F002E7BB0</string>
				<string>DE017CFD155EC92F002E7BB0</string>
				<string>DAB1919A73B1CD4E0672C406</string>
			</array>
			<key>isa</key>
			<string>PBXFrameworksBuildPhase</string>
			<key>runOnlyForDeploymentPostprocessing</key>
			<string>0</string>
		</dict>
		<key>DE017CF2155EC92F002E7BB0</key>
		<dict>
			<key>buildActionMask</key>
			<string>2147483647</string>
			<key>files</key>
			<array>
				<string>DEEC102B156B39AF00B1F0D2</string>
				<string>DEC2AE1115C5D6270078B2C7</string>
				<string>DEC2AE1415C5D6270078B2C7</string>
				<string>DEC2AE1515C5D6270078B2C7</string>
				<string>DEBD0F1E15C5DDE600B9C9B5</string>
				<string>DEBD0F1F15C5DDE600B9C9B5</string>
				<string>DE0C6ECD1659592D00ED8496</string>
				<string>DEDF87571753077200D9A9A4</string>
				<string>04876A211A34115300350563</string>
				<string>DEDF87581753077200D9A9A4</string>
				<string>DEDF87591753077200D9A9A4</string>
				<string>04876A201A34115300350563</string>
				<string>DEDF875A1753077200D9A9A4</string>
			</array>
			<key>isa</key>
			<string>PBXResourcesBuildPhase</string>
			<key>runOnlyForDeploymentPostprocessing</key>
			<string>0</string>
		</dict>
		<key>DE017CF3155EC92F002E7BB0</key>
		<dict>
			<key>buildConfigurationList</key>
			<string>DE017D21155EC930002E7BB0</string>
			<key>buildPhases</key>
			<array>
				<string>862712CA7B4249E2B9782464</string>
				<string>DE017CF0155EC92F002E7BB0</string>
				<string>DE017CF1155EC92F002E7BB0</string>
				<string>DE017CF2155EC92F002E7BB0</string>
				<string>A85B7853C35840A09505658E</string>
			</array>
			<key>buildRules</key>
			<array/>
			<key>dependencies</key>
			<array/>
			<key>isa</key>
			<string>PBXNativeTarget</string>
			<key>name</key>
			<string>Picker Demo</string>
			<key>productName</key>
			<string>WSAssetPickerController</string>
			<key>productReference</key>
			<string>DE017CF4155EC92F002E7BB0</string>
			<key>productType</key>
			<string>com.apple.product-type.application</string>
		</dict>
		<key>DE017CF4155EC92F002E7BB0</key>
		<dict>
			<key>explicitFileType</key>
			<string>wrapper.application</string>
			<key>includeInIndex</key>
			<string>0</string>
			<key>isa</key>
			<string>PBXFileReference</string>
			<key>path</key>
			<string>Picker Demo.app</string>
			<key>sourceTree</key>
			<string>BUILT_PRODUCTS_DIR</string>
		</dict>
		<key>DE017CF5155EC92F002E7BB0</key>
		<dict>
			<key>children</key>
			<array>
				<string>DE017CF4155EC92F002E7BB0</string>
				<string>DEEC0FF2156B32B600B1F0D2</string>
			</array>
			<key>isa</key>
			<string>PBXGroup</string>
			<key>name</key>
			<string>Products</string>
			<key>sourceTree</key>
			<string>&lt;group&gt;</string>
		</dict>
		<key>DE017CF7155EC92F002E7BB0</key>
		<dict>
			<key>children</key>
			<array>
				<string>04876A071A319AC900350563</string>
				<string>4AE5CCE7156AB810004C2AB7</string>
				<string>DE7FF813155ECB0A00D7B3E8</string>
				<string>DE017CF8155EC92F002E7BB0</string>
				<string>DE017CFA155EC92F002E7BB0</string>
				<string>DE017CFC155EC92F002E7BB0</string>
				<string>DE017D10155EC930002E7BB0</string>
				<string>DF8C127AA6E74EA5B04B6C1D</string>
				<string>2DC068E37F81F9C12B440946</string>
			</array>
			<key>isa</key>
			<string>PBXGroup</string>
			<key>name</key>
			<string>Frameworks</string>
			<key>sourceTree</key>
			<string>&lt;group&gt;</string>
		</dict>
		<key>DE017CF8155EC92F002E7BB0</key>
		<dict>
			<key>isa</key>
			<string>PBXFileReference</string>
			<key>lastKnownFileType</key>
			<string>wrapper.framework</string>
			<key>name</key>
			<string>UIKit.framework</string>
			<key>path</key>
			<string>System/Library/Frameworks/UIKit.framework</string>
			<key>sourceTree</key>
			<string>SDKROOT</string>
		</dict>
		<key>DE017CF9155EC92F002E7BB0</key>
		<dict>
			<key>fileRef</key>
			<string>DE017CF8155EC92F002E7BB0</string>
			<key>isa</key>
			<string>PBXBuildFile</string>
		</dict>
		<key>DE017CFA155EC92F002E7BB0</key>
		<dict>
			<key>isa</key>
			<string>PBXFileReference</string>
			<key>lastKnownFileType</key>
			<string>wrapper.framework</string>
			<key>name</key>
			<string>Foundation.framework</string>
			<key>path</key>
			<string>System/Library/Frameworks/Foundation.framework</string>
			<key>sourceTree</key>
			<string>SDKROOT</string>
		</dict>
		<key>DE017CFB155EC92F002E7BB0</key>
		<dict>
			<key>fileRef</key>
			<string>DE017CFA155EC92F002E7BB0</string>
			<key>isa</key>
			<string>PBXBuildFile</string>
		</dict>
		<key>DE017CFC155EC92F002E7BB0</key>
		<dict>
			<key>isa</key>
			<string>PBXFileReference</string>
			<key>lastKnownFileType</key>
			<string>wrapper.framework</string>
			<key>name</key>
			<string>CoreGraphics.framework</string>
			<key>path</key>
			<string>System/Library/Frameworks/CoreGraphics.framework</string>
			<key>sourceTree</key>
			<string>SDKROOT</string>
		</dict>
		<key>DE017CFD155EC92F002E7BB0</key>
		<dict>
			<key>fileRef</key>
			<string>DE017CFC155EC92F002E7BB0</string>
			<key>isa</key>
			<string>PBXBuildFile</string>
		</dict>
		<key>DE017D10155EC930002E7BB0</key>
		<dict>
			<key>isa</key>
			<string>PBXFileReference</string>
			<key>lastKnownFileType</key>
			<string>wrapper.framework</string>
			<key>name</key>
			<string>SenTestingKit.framework</string>
			<key>path</key>
			<string>Library/Frameworks/SenTestingKit.framework</string>
			<key>sourceTree</key>
			<string>DEVELOPER_DIR</string>
		</dict>
		<key>DE017D1F155EC930002E7BB0</key>
		<dict>
			<key>buildSettings</key>
			<dict>
				<key>ALWAYS_SEARCH_USER_PATHS</key>
				<string>NO</string>
				<key>CLANG_ENABLE_OBJC_ARC</key>
				<string>YES</string>
				<key>CLANG_WARN_BOOL_CONVERSION</key>
				<string>YES</string>
				<key>CLANG_WARN_CONSTANT_CONVERSION</key>
				<string>YES</string>
				<key>CLANG_WARN_EMPTY_BODY</key>
				<string>YES</string>
				<key>CLANG_WARN_ENUM_CONVERSION</key>
				<string>YES</string>
				<key>CLANG_WARN_INT_CONVERSION</key>
				<string>YES</string>
				<key>CLANG_WARN__DUPLICATE_METHOD_MATCH</key>
				<string>YES</string>
				<key>CODE_SIGN_IDENTITY[sdk=iphoneos*]</key>
				<string>iPhone Developer</string>
				<key>COPY_PHASE_STRIP</key>
				<string>NO</string>
				<key>GCC_C_LANGUAGE_STANDARD</key>
				<string>gnu99</string>
				<key>GCC_DYNAMIC_NO_PIC</key>
				<string>NO</string>
				<key>GCC_OPTIMIZATION_LEVEL</key>
				<string>0</string>
				<key>GCC_PREPROCESSOR_DEFINITIONS</key>
				<array>
					<string>DEBUG=1</string>
					<string>$(inherited)</string>
				</array>
				<key>GCC_SYMBOLS_PRIVATE_EXTERN</key>
				<string>NO</string>
				<key>GCC_VERSION</key>
				<string>com.apple.compilers.llvm.clang.1_0</string>
				<key>GCC_WARN_64_TO_32_BIT_CONVERSION</key>
				<string>YES</string>
				<key>GCC_WARN_ABOUT_RETURN_TYPE</key>
				<string>YES</string>
				<key>GCC_WARN_UNDECLARED_SELECTOR</key>
				<string>YES</string>
				<key>GCC_WARN_UNINITIALIZED_AUTOS</key>
				<string>YES</string>
				<key>GCC_WARN_UNUSED_FUNCTION</key>
				<string>YES</string>
				<key>GCC_WARN_UNUSED_VARIABLE</key>
				<string>YES</string>
				<key>IPHONEOS_DEPLOYMENT_TARGET</key>
				<string>5.0</string>
				<key>ONLY_ACTIVE_ARCH</key>
				<string>YES</string>
				<key>SDKROOT</key>
				<string>iphoneos</string>
				<key>TARGETED_DEVICE_FAMILY</key>
				<string>1,2</string>
			</dict>
			<key>isa</key>
			<string>XCBuildConfiguration</string>
			<key>name</key>
			<string>Debug</string>
		</dict>
		<key>DE017D20155EC930002E7BB0</key>
		<dict>
			<key>buildSettings</key>
			<dict>
				<key>ALWAYS_SEARCH_USER_PATHS</key>
				<string>NO</string>
				<key>CLANG_ENABLE_OBJC_ARC</key>
				<string>YES</string>
				<key>CLANG_WARN_BOOL_CONVERSION</key>
				<string>YES</string>
				<key>CLANG_WARN_CONSTANT_CONVERSION</key>
				<string>YES</string>
				<key>CLANG_WARN_EMPTY_BODY</key>
				<string>YES</string>
				<key>CLANG_WARN_ENUM_CONVERSION</key>
				<string>YES</string>
				<key>CLANG_WARN_INT_CONVERSION</key>
				<string>YES</string>
				<key>CLANG_WARN__DUPLICATE_METHOD_MATCH</key>
				<string>YES</string>
				<key>CODE_SIGN_IDENTITY[sdk=iphoneos*]</key>
				<string>iPhone Developer</string>
				<key>COPY_PHASE_STRIP</key>
				<string>YES</string>
				<key>GCC_C_LANGUAGE_STANDARD</key>
				<string>gnu99</string>
				<key>GCC_VERSION</key>
				<string>com.apple.compilers.llvm.clang.1_0</string>
				<key>GCC_WARN_64_TO_32_BIT_CONVERSION</key>
				<string>YES</string>
				<key>GCC_WARN_ABOUT_RETURN_TYPE</key>
				<string>YES</string>
				<key>GCC_WARN_UNDECLARED_SELECTOR</key>
				<string>YES</string>
				<key>GCC_WARN_UNINITIALIZED_AUTOS</key>
				<string>YES</string>
				<key>GCC_WARN_UNUSED_FUNCTION</key>
				<string>YES</string>
				<key>GCC_WARN_UNUSED_VARIABLE</key>
				<string>YES</string>
				<key>IPHONEOS_DEPLOYMENT_TARGET</key>
				<string>5.0</string>
				<key>OTHER_CFLAGS</key>
				<string>-DNS_BLOCK_ASSERTIONS=1</string>
				<key>SDKROOT</key>
				<string>iphoneos</string>
				<key>TARGETED_DEVICE_FAMILY</key>
				<string>1,2</string>
				<key>VALIDATE_PRODUCT</key>
				<string>YES</string>
			</dict>
			<key>isa</key>
			<string>XCBuildConfiguration</string>
			<key>name</key>
			<string>Release</string>
		</dict>
		<key>DE017D21155EC930002E7BB0</key>
		<dict>
			<key>buildConfigurations</key>
			<array>
				<string>DE017D22155EC930002E7BB0</string>
				<string>DE017D23155EC930002E7BB0</string>
			</array>
			<key>defaultConfigurationIsVisible</key>
			<string>0</string>
			<key>defaultConfigurationName</key>
			<string>Release</string>
			<key>isa</key>
			<string>XCConfigurationList</string>
		</dict>
		<key>DE017D22155EC930002E7BB0</key>
		<dict>
			<key>baseConfigurationReference</key>
			<string>6766F131D96DE25B19B5F6D2</string>
			<key>buildSettings</key>
			<dict>
				<key>GCC_PRECOMPILE_PREFIX_HEADER</key>
				<string>YES</string>
				<key>GCC_PREFIX_HEADER</key>
				<string>demo/WSAssetPickerController-Prefix.pch</string>
				<key>INFOPLIST_FILE</key>
				<string>$(SRCROOT)/demo/WSAssetPickerController-Info.plist</string>
				<key>LIBRARY_SEARCH_PATHS</key>
				<array>
					<string>$(inherited)</string>
					<string>$(PROJECT_DIR)/Pods/build/Debug-iphoneos</string>
				</array>
				<key>OTHER_CFLAGS</key>
				<string>-DDEBUG</string>
				<key>PRODUCT_NAME</key>
				<string>$(TARGET_NAME)</string>
				<key>WRAPPER_EXTENSION</key>
				<string>app</string>
			</dict>
			<key>isa</key>
			<string>XCBuildConfiguration</string>
			<key>name</key>
			<string>Debug</string>
		</dict>
		<key>DE017D23155EC930002E7BB0</key>
		<dict>
			<key>baseConfigurationReference</key>
			<string>B12CA5892572DDC29D4A69FA</string>
			<key>buildSettings</key>
			<dict>
				<key>GCC_PRECOMPILE_PREFIX_HEADER</key>
				<string>YES</string>
				<key>GCC_PREFIX_HEADER</key>
				<string>demo/WSAssetPickerController-Prefix.pch</string>
				<key>INFOPLIST_FILE</key>
				<string>$(SRCROOT)/demo/WSAssetPickerController-Info.plist</string>
				<key>LIBRARY_SEARCH_PATHS</key>
				<array>
					<string>$(inherited)</string>
					<string>$(PROJECT_DIR)/Pods/build/Debug-iphoneos</string>
				</array>
				<key>PRODUCT_NAME</key>
				<string>$(TARGET_NAME)</string>
				<key>WRAPPER_EXTENSION</key>
				<string>app</string>
			</dict>
			<key>isa</key>
			<string>XCBuildConfiguration</string>
			<key>name</key>
			<string>Release</string>
		</dict>
		<key>DE0C6ECC1659592D00ED8496</key>
		<dict>
			<key>isa</key>
			<string>PBXFileReference</string>
			<key>lastKnownFileType</key>
			<string>image.png</string>
			<key>name</key>
			<string>Default-568h@2x.png</string>
			<key>path</key>
			<string>../Default-568h@2x.png</string>
			<key>sourceTree</key>
			<string>&lt;group&gt;</string>
		</dict>
		<key>DE0C6ECD1659592D00ED8496</key>
		<dict>
			<key>fileRef</key>
			<string>DE0C6ECC1659592D00ED8496</string>
			<key>isa</key>
			<string>PBXBuildFile</string>
		</dict>
		<key>DE7FF813155ECB0A00D7B3E8</key>
		<dict>
			<key>isa</key>
			<string>PBXFileReference</string>
			<key>lastKnownFileType</key>
			<string>wrapper.framework</string>
			<key>name</key>
			<string>AssetsLibrary.framework</string>
			<key>path</key>
			<string>System/Library/Frameworks/AssetsLibrary.framework</string>
			<key>sourceTree</key>
			<string>SDKROOT</string>
		</dict>
		<key>DE7FF814155ECB0A00D7B3E8</key>
		<dict>
			<key>fileRef</key>
			<string>DE7FF813155ECB0A00D7B3E8</string>
			<key>isa</key>
			<string>PBXBuildFile</string>
		</dict>
		<key>DE960F5515C5F84C00BB5E0B</key>
		<dict>
			<key>fileEncoding</key>
			<string>4</string>
			<key>isa</key>
			<string>PBXFileReference</string>
			<key>lastKnownFileType</key>
			<string>sourcecode.c.h</string>
			<key>path</key>
			<string>WSAssetPicker-Prefix.pch</string>
			<key>sourceTree</key>
			<string>&lt;group&gt;</string>
		</dict>
		<key>DE960F5615C5F84C00BB5E0B</key>
		<dict>
			<key>fileRef</key>
			<string>DE960F5515C5F84C00BB5E0B</string>
			<key>isa</key>
			<string>PBXBuildFile</string>
		</dict>
		<key>DEBD0F1C15C5DDE600B9C9B5</key>
		<dict>
			<key>isa</key>
			<string>PBXFileReference</string>
			<key>lastKnownFileType</key>
			<string>image.png</string>
			<key>path</key>
			<string>Icon.png</string>
			<key>sourceTree</key>
			<string>&lt;group&gt;</string>
		</dict>
		<key>DEBD0F1D15C5DDE600B9C9B5</key>
		<dict>
			<key>isa</key>
			<string>PBXFileReference</string>
			<key>lastKnownFileType</key>
			<string>image.png</string>
			<key>path</key>
			<string>Icon@2x.png</string>
			<key>sourceTree</key>
			<string>&lt;group&gt;</string>
		</dict>
		<key>DEBD0F1E15C5DDE600B9C9B5</key>
		<dict>
			<key>fileRef</key>
			<string>DEBD0F1C15C5DDE600B9C9B5</string>
			<key>isa</key>
			<string>PBXBuildFile</string>
		</dict>
		<key>DEBD0F1F15C5DDE600B9C9B5</key>
		<dict>
			<key>fileRef</key>
			<string>DEBD0F1D15C5DDE600B9C9B5</string>
			<key>isa</key>
			<string>PBXBuildFile</string>
		</dict>
		<key>DEC0BC57164F3FF80078003F</key>
		<dict>
			<key>buildConfigurationList</key>
			<string>DEC0BC58164F3FF80078003F</string>
			<key>buildPhases</key>
			<array>
				<string>DEC0BC5B164F3FFC0078003F</string>
			</array>
			<key>dependencies</key>
			<array/>
			<key>isa</key>
			<string>PBXAggregateTarget</string>
			<key>name</key>
			<string>WSAssetPickerCombined</string>
			<key>productName</key>
			<string>WSAssetPickerCombined</string>
		</dict>
		<key>DEC0BC58164F3FF80078003F</key>
		<dict>
			<key>buildConfigurations</key>
			<array>
				<string>DEC0BC59164F3FF80078003F</string>
				<string>DEC0BC5A164F3FF80078003F</string>
			</array>
			<key>defaultConfigurationIsVisible</key>
			<string>0</string>
			<key>defaultConfigurationName</key>
			<string>Release</string>
			<key>isa</key>
			<string>XCConfigurationList</string>
		</dict>
		<key>DEC0BC59164F3FF80078003F</key>
		<dict>
			<key>buildSettings</key>
			<dict>
				<key>PRODUCT_NAME</key>
				<string>$(TARGET_NAME)</string>
			</dict>
			<key>isa</key>
			<string>XCBuildConfiguration</string>
			<key>name</key>
			<string>Debug</string>
		</dict>
		<key>DEC0BC5A164F3FF80078003F</key>
		<dict>
			<key>buildSettings</key>
			<dict>
				<key>PRODUCT_NAME</key>
				<string>$(TARGET_NAME)</string>
			</dict>
			<key>isa</key>
			<string>XCBuildConfiguration</string>
			<key>name</key>
			<string>Release</string>
		</dict>
		<key>DEC0BC5B164F3FFC0078003F</key>
		<dict>
			<key>buildActionMask</key>
			<string>2147483647</string>
			<key>files</key>
			<array/>
			<key>inputPaths</key>
			<array/>
			<key>isa</key>
			<string>PBXShellScriptBuildPhase</string>
			<key>outputPaths</key>
			<array/>
			<key>runOnlyForDeploymentPostprocessing</key>
			<string>0</string>
			<key>shellPath</key>
			<string>/bin/sh</string>
			<key>shellScript</key>
			<string>XCODEBUILD_PATH=/Applications/Xcode.app/Contents/Developer/usr/bin
XCODEBUILD=$XCODEBUILD_PATH/xcodebuild

$XCODEBUILD -project WSAssetPickerController.xcodeproj -target "WSAssetPicker" -sdk "iphonesimulator" -configuration "Release" clean build
$XCODEBUILD -project WSAssetPickerController.xcodeproj -target "WSAssetPicker" -sdk "iphoneos" -configuration "Release" clean build

mkdir -p "build/WSAssetPicker/headers"

lipo -create -output "build/WSAssetPicker/libWSAssetPicker-Combined.a" "build/Release-iphoneos/libWSAssetPicker.a" "build/Release-iphonesimulator/libWSAssetPicker.a"
cp -r  "build/Release-iphoneos/include/WSAssetPicker/" "build/WSAssetPicker/headers"</string>
		</dict>
		<key>DEC2ADE115C5D5D60078B2C7</key>
		<dict>
			<key>children</key>
			<array>
				<string>DEC2ADE515C5D5D60078B2C7</string>
				<string>DEC2ADE215C5D5D60078B2C7</string>
				<string>DEC2ADE315C5D5D60078B2C7</string>
				<string>DEC2ADE615C5D5D60078B2C7</string>
				<string>DEC2ADE715C5D5D60078B2C7</string>
				<string>DEC2ADE815C5D5D60078B2C7</string>
				<string>DEC2ADE915C5D5D60078B2C7</string>
				<string>DEC2ADEA15C5D5D60078B2C7</string>
				<string>DEC2ADEB15C5D5D60078B2C7</string>
				<string>DEC2ADEC15C5D5D60078B2C7</string>
				<string>DEC2ADED15C5D5D60078B2C7</string>
				<string>DEC2ADEE15C5D5D60078B2C7</string>
				<string>DEC2ADEF15C5D5D60078B2C7</string>
				<string>DEC2ADF015C5D5D60078B2C7</string>
				<string>DEC2ADF115C5D5D60078B2C7</string>
				<string>DEC2AE1815C5D7820078B2C7</string>
				<string>04876A051A31921900350563</string>
			</array>
			<key>isa</key>
			<string>PBXGroup</string>
			<key>path</key>
			<string>src</string>
			<key>sourceTree</key>
			<string>&lt;group&gt;</string>
		</dict>
		<key>DEC2ADE215C5D5D60078B2C7</key>
		<dict>
			<key>fileEncoding</key>
			<string>4</string>
			<key>isa</key>
			<string>PBXFileReference</string>
			<key>lastKnownFileType</key>
			<string>sourcecode.c.h</string>
			<key>path</key>
			<string>WSAlbumTableViewController.h</string>
			<key>sourceTree</key>
			<string>&lt;group&gt;</string>
		</dict>
		<key>DEC2ADE315C5D5D60078B2C7</key>
		<dict>
			<key>fileEncoding</key>
			<string>4</string>
			<key>isa</key>
			<string>PBXFileReference</string>
			<key>lastKnownFileType</key>
			<string>sourcecode.c.objc</string>
			<key>path</key>
			<string>WSAlbumTableViewController.m</string>
			<key>sourceTree</key>
			<string>&lt;group&gt;</string>
		</dict>
		<key>DEC2ADE515C5D5D60078B2C7</key>
		<dict>
			<key>fileEncoding</key>
			<string>4</string>
			<key>isa</key>
			<string>PBXFileReference</string>
			<key>lastKnownFileType</key>
			<string>sourcecode.c.h</string>
			<key>path</key>
			<string>WSAssetPicker.h</string>
			<key>sourceTree</key>
			<string>&lt;group&gt;</string>
		</dict>
		<key>DEC2ADE615C5D5D60078B2C7</key>
		<dict>
			<key>fileEncoding</key>
			<string>4</string>
			<key>isa</key>
			<string>PBXFileReference</string>
			<key>lastKnownFileType</key>
			<string>sourcecode.c.h</string>
			<key>path</key>
			<string>WSAssetPickerController.h</string>
			<key>sourceTree</key>
			<string>&lt;group&gt;</string>
		</dict>
		<key>DEC2ADE715C5D5D60078B2C7</key>
		<dict>
			<key>fileEncoding</key>
			<string>4</string>
			<key>isa</key>
			<string>PBXFileReference</string>
			<key>lastKnownFileType</key>
			<string>sourcecode.c.objc</string>
			<key>path</key>
			<string>WSAssetPickerController.m</string>
			<key>sourceTree</key>
			<string>&lt;group&gt;</string>
		</dict>
		<key>DEC2ADE815C5D5D60078B2C7</key>
		<dict>
			<key>fileEncoding</key>
			<string>4</string>
			<key>isa</key>
			<string>PBXFileReference</string>
			<key>lastKnownFileType</key>
			<string>sourcecode.c.h</string>
			<key>path</key>
			<string>WSAssetPickerState.h</string>
			<key>sourceTree</key>
			<string>&lt;group&gt;</string>
		</dict>
		<key>DEC2ADE915C5D5D60078B2C7</key>
		<dict>
			<key>fileEncoding</key>
			<string>4</string>
			<key>isa</key>
			<string>PBXFileReference</string>
			<key>lastKnownFileType</key>
			<string>sourcecode.c.objc</string>
			<key>path</key>
			<string>WSAssetPickerState.m</string>
			<key>sourceTree</key>
			<string>&lt;group&gt;</string>
		</dict>
		<key>DEC2ADEA15C5D5D60078B2C7</key>
		<dict>
			<key>fileEncoding</key>
			<string>4</string>
			<key>isa</key>
			<string>PBXFileReference</string>
			<key>lastKnownFileType</key>
			<string>sourcecode.c.h</string>
			<key>path</key>
			<string>WSAssetsTableViewCell.h</string>
			<key>sourceTree</key>
			<string>&lt;group&gt;</string>
		</dict>
		<key>DEC2ADEB15C5D5D60078B2C7</key>
		<dict>
			<key>fileEncoding</key>
			<string>4</string>
			<key>isa</key>
			<string>PBXFileReference</string>
			<key>lastKnownFileType</key>
			<string>sourcecode.c.objc</string>
			<key>path</key>
			<string>WSAssetsTableViewCell.m</string>
			<key>sourceTree</key>
			<string>&lt;group&gt;</string>
		</dict>
		<key>DEC2ADEC15C5D5D60078B2C7</key>
		<dict>
			<key>fileEncoding</key>
			<string>4</string>
			<key>isa</key>
			<string>PBXFileReference</string>
			<key>lastKnownFileType</key>
			<string>sourcecode.c.h</string>
			<key>path</key>
			<string>WSAssetTableViewController.h</string>
			<key>sourceTree</key>
			<string>&lt;group&gt;</string>
		</dict>
		<key>DEC2ADED15C5D5D60078B2C7</key>
		<dict>
			<key>fileEncoding</key>
			<string>4</string>
			<key>isa</key>
			<string>PBXFileReference</string>
			<key>lastKnownFileType</key>
			<string>sourcecode.c.objc</string>
			<key>path</key>
			<string>WSAssetTableViewController.m</string>
			<key>sourceTree</key>
			<string>&lt;group&gt;</string>
		</dict>
		<key>DEC2ADEE15C5D5D60078B2C7</key>
		<dict>
			<key>fileEncoding</key>
			<string>4</string>
			<key>isa</key>
			<string>PBXFileReference</string>
			<key>lastKnownFileType</key>
			<string>sourcecode.c.h</string>
			<key>path</key>
			<string>WSAssetViewColumn.h</string>
			<key>sourceTree</key>
			<string>&lt;group&gt;</string>
		</dict>
		<key>DEC2ADEF15C5D5D60078B2C7</key>
		<dict>
			<key>fileEncoding</key>
			<string>4</string>
			<key>isa</key>
			<string>PBXFileReference</string>
			<key>lastKnownFileType</key>
			<string>sourcecode.c.objc</string>
			<key>path</key>
			<string>WSAssetViewColumn.m</string>
			<key>sourceTree</key>
			<string>&lt;group&gt;</string>
		</dict>
		<key>DEC2ADF015C5D5D60078B2C7</key>
		<dict>
			<key>fileEncoding</key>
			<string>4</string>
			<key>isa</key>
			<string>PBXFileReference</string>
			<key>lastKnownFileType</key>
			<string>sourcecode.c.h</string>
			<key>path</key>
			<string>WSAssetWrapper.h</string>
			<key>sourceTree</key>
			<string>&lt;group&gt;</string>
		</dict>
		<key>DEC2ADF115C5D5D60078B2C7</key>
		<dict>
			<key>fileEncoding</key>
			<string>4</string>
			<key>isa</key>
			<string>PBXFileReference</string>
			<key>lastKnownFileType</key>
			<string>sourcecode.c.objc</string>
			<key>path</key>
			<string>WSAssetWrapper.m</string>
			<key>sourceTree</key>
			<string>&lt;group&gt;</string>
		</dict>
		<key>DEC2ADF215C5D5D60078B2C7</key>
		<dict>
			<key>fileRef</key>
			<string>DEC2ADE215C5D5D60078B2C7</string>
			<key>isa</key>
			<string>PBXBuildFile</string>
		</dict>
		<key>DEC2ADF315C5D5D60078B2C7</key>
		<dict>
			<key>fileRef</key>
			<string>DEC2ADE315C5D5D60078B2C7</string>
			<key>isa</key>
			<string>PBXBuildFile</string>
		</dict>
		<key>DEC2ADF515C5D5D60078B2C7</key>
		<dict>
			<key>fileRef</key>
			<string>DEC2ADE515C5D5D60078B2C7</string>
			<key>isa</key>
			<string>PBXBuildFile</string>
			<key>settings</key>
			<dict>
				<key>ATTRIBUTES</key>
				<array>
					<string>Public</string>
				</array>
			</dict>
		</dict>
		<key>DEC2ADF615C5D5D60078B2C7</key>
		<dict>
			<key>fileRef</key>
			<string>DEC2ADE615C5D5D60078B2C7</string>
			<key>isa</key>
			<string>PBXBuildFile</string>
			<key>settings</key>
			<dict>
				<key>ATTRIBUTES</key>
				<array>
					<string>Public</string>
				</array>
			</dict>
		</dict>
		<key>DEC2ADF715C5D5D60078B2C7</key>
		<dict>
			<key>fileRef</key>
			<string>DEC2ADE715C5D5D60078B2C7</string>
			<key>isa</key>
			<string>PBXBuildFile</string>
		</dict>
		<key>DEC2ADF815C5D5D60078B2C7</key>
		<dict>
			<key>fileRef</key>
			<string>DEC2ADE815C5D5D60078B2C7</string>
			<key>isa</key>
			<string>PBXBuildFile</string>
		</dict>
		<key>DEC2ADF915C5D5D60078B2C7</key>
		<dict>
			<key>fileRef</key>
			<string>DEC2ADE915C5D5D60078B2C7</string>
			<key>isa</key>
			<string>PBXBuildFile</string>
		</dict>
		<key>DEC2ADFA15C5D5D60078B2C7</key>
		<dict>
			<key>fileRef</key>
			<string>DEC2ADEA15C5D5D60078B2C7</string>
			<key>isa</key>
			<string>PBXBuildFile</string>
		</dict>
		<key>DEC2ADFB15C5D5D60078B2C7</key>
		<dict>
			<key>fileRef</key>
			<string>DEC2ADEB15C5D5D60078B2C7</string>
			<key>isa</key>
			<string>PBXBuildFile</string>
		</dict>
		<key>DEC2ADFC15C5D5D60078B2C7</key>
		<dict>
			<key>fileRef</key>
			<string>DEC2ADEC15C5D5D60078B2C7</string>
			<key>isa</key>
			<string>PBXBuildFile</string>
		</dict>
		<key>DEC2ADFD15C5D5D60078B2C7</key>
		<dict>
			<key>fileRef</key>
			<string>DEC2ADED15C5D5D60078B2C7</string>
			<key>isa</key>
			<string>PBXBuildFile</string>
		</dict>
		<key>DEC2ADFE15C5D5D60078B2C7</key>
		<dict>
			<key>fileRef</key>
			<string>DEC2ADEE15C5D5D60078B2C7</string>
			<key>isa</key>
			<string>PBXBuildFile</string>
		</dict>
		<key>DEC2ADFF15C5D5D60078B2C7</key>
		<dict>
			<key>fileRef</key>
			<string>DEC2ADEF15C5D5D60078B2C7</string>
			<key>isa</key>
			<string>PBXBuildFile</string>
		</dict>
		<key>DEC2AE0015C5D5D60078B2C7</key>
		<dict>
			<key>fileRef</key>
			<string>DEC2ADF015C5D5D60078B2C7</string>
			<key>isa</key>
			<string>PBXBuildFile</string>
		</dict>
		<key>DEC2AE0115C5D5D60078B2C7</key>
		<dict>
			<key>fileRef</key>
			<string>DEC2ADF115C5D5D60078B2C7</string>
			<key>isa</key>
			<string>PBXBuildFile</string>
		</dict>
		<key>DEC2AE0215C5D6270078B2C7</key>
		<dict>
			<key>children</key>
			<array>
				<string>04876A1E1A34115300350563</string>
				<string>04876A1F1A34115300350563</string>
				<string>DEC2AE0615C5D6270078B2C7</string>
				<string>DEC2AE0B15C5D6270078B2C7</string>
				<string>DEC2AE0C15C5D6270078B2C7</string>
				<string>DEC2AE0D15C5D6270078B2C7</string>
				<string>DEC2AE0E15C5D6270078B2C7</string>
				<string>DEC2AE1715C5D6320078B2C7</string>
			</array>
			<key>isa</key>
			<string>PBXGroup</string>
			<key>path</key>
			<string>demo</string>
			<key>sourceTree</key>
			<string>&lt;group&gt;</string>
		</dict>
		<key>DEC2AE0315C5D6270078B2C7</key>
		<dict>
			<key>children</key>
			<array>
				<string>DEC2AE0415C5D6270078B2C7</string>
			</array>
			<key>isa</key>
			<string>PBXVariantGroup</string>
			<key>name</key>
			<string>InfoPlist.strings</string>
			<key>sourceTree</key>
			<string>&lt;group&gt;</string>
		</dict>
		<key>DEC2AE0415C5D6270078B2C7</key>
		<dict>
			<key>isa</key>
			<string>PBXFileReference</string>
			<key>lastKnownFileType</key>
			<string>text.plist.strings</string>
			<key>name</key>
			<string>en</string>
			<key>path</key>
			<string>en.lproj/InfoPlist.strings</string>
			<key>sourceTree</key>
			<string>&lt;group&gt;</string>
		</dict>
		<key>DEC2AE0515C5D6270078B2C7</key>
		<dict>
			<key>fileEncoding</key>
			<string>4</string>
			<key>isa</key>
			<string>PBXFileReference</string>
			<key>lastKnownFileType</key>
			<string>sourcecode.c.objc</string>
			<key>path</key>
			<string>main.m</string>
			<key>sourceTree</key>
			<string>&lt;group&gt;</string>
		</dict>
		<key>DEC2AE0615C5D6270078B2C7</key>
		<dict>
			<key>fileEncoding</key>
			<string>4</string>
			<key>isa</key>
			<string>PBXFileReference</string>
			<key>lastKnownFileType</key>
			<string>file.storyboard</string>
			<key>path</key>
			<string>MainStoryboard_iPhone.storyboard</string>
			<key>sourceTree</key>
			<string>&lt;group&gt;</string>
		</dict>
		<key>DEC2AE0715C5D6270078B2C7</key>
		<dict>
			<key>fileEncoding</key>
			<string>4</string>
			<key>isa</key>
			<string>PBXFileReference</string>
			<key>lastKnownFileType</key>
			<string>sourcecode.c.h</string>
			<key>path</key>
			<string>WSAppDelegate.h</string>
			<key>sourceTree</key>
			<string>&lt;group&gt;</string>
		</dict>
		<key>DEC2AE0815C5D6270078B2C7</key>
		<dict>
			<key>fileEncoding</key>
			<string>4</string>
			<key>isa</key>
			<string>PBXFileReference</string>
			<key>lastKnownFileType</key>
			<string>sourcecode.c.objc</string>
			<key>path</key>
			<string>WSAppDelegate.m</string>
			<key>sourceTree</key>
			<string>&lt;group&gt;</string>
		</dict>
		<key>DEC2AE0915C5D6270078B2C7</key>
		<dict>
			<key>fileEncoding</key>
			<string>4</string>
			<key>isa</key>
			<string>PBXFileReference</string>
			<key>lastKnownFileType</key>
			<string>text.plist.xml</string>
			<key>path</key>
			<string>WSAssetPickerController-Info.plist</string>
			<key>sourceTree</key>
			<string>&lt;group&gt;</string>
		</dict>
		<key>DEC2AE0A15C5D6270078B2C7</key>
		<dict>
			<key>fileEncoding</key>
			<string>4</string>
			<key>isa</key>
			<string>PBXFileReference</string>
			<key>lastKnownFileType</key>
			<string>sourcecode.c.h</string>
			<key>path</key>
			<string>WSAssetPickerController-Prefix.pch</string>
			<key>sourceTree</key>
			<string>&lt;group&gt;</string>
		</dict>
		<key>DEC2AE0B15C5D6270078B2C7</key>
		<dict>
			<key>isa</key>
			<string>PBXFileReference</string>
			<key>lastKnownFileType</key>
			<string>image.png</string>
			<key>path</key>
			<string>WSAssetViewSelectionIndicator.png</string>
			<key>sourceTree</key>
			<string>&lt;group&gt;</string>
		</dict>
		<key>DEC2AE0C15C5D6270078B2C7</key>
		<dict>
			<key>isa</key>
			<string>PBXFileReference</string>
			<key>lastKnownFileType</key>
			<string>image.png</string>
			<key>path</key>
			<string>WSAssetViewSelectionIndicator@2x.png</string>
			<key>sourceTree</key>
			<string>&lt;group&gt;</string>
		</dict>
		<key>DEC2AE0D15C5D6270078B2C7</key>
		<dict>
			<key>fileEncoding</key>
			<string>4</string>
			<key>isa</key>
			<string>PBXFileReference</string>
			<key>lastKnownFileType</key>
			<string>sourcecode.c.h</string>
			<key>path</key>
			<string>WSMainViewController.h</string>
			<key>sourceTree</key>
			<string>&lt;group&gt;</string>
		</dict>
		<key>DEC2AE0E15C5D6270078B2C7</key>
		<dict>
			<key>fileEncoding</key>
			<string>4</string>
			<key>isa</key>
			<string>PBXFileReference</string>
			<key>lastKnownFileType</key>
			<string>sourcecode.c.objc</string>
			<key>path</key>
			<string>WSMainViewController.m</string>
			<key>sourceTree</key>
			<string>&lt;group&gt;</string>
		</dict>
		<key>DEC2AE1015C5D6270078B2C7</key>
		<dict>
			<key>fileRef</key>
			<string>DEC2AE0515C5D6270078B2C7</string>
			<key>isa</key>
			<string>PBXBuildFile</string>
		</dict>
		<key>DEC2AE1115C5D6270078B2C7</key>
		<dict>
			<key>fileRef</key>
			<string>DEC2AE0615C5D6270078B2C7</string>
			<key>isa</key>
			<string>PBXBuildFile</string>
		</dict>
		<key>DEC2AE1215C5D6270078B2C7</key>
		<dict>
			<key>fileRef</key>
			<string>DEC2AE0815C5D6270078B2C7</string>
			<key>isa</key>
			<string>PBXBuildFile</string>
		</dict>
		<key>DEC2AE1415C5D6270078B2C7</key>
		<dict>
			<key>fileRef</key>
			<string>DEC2AE0B15C5D6270078B2C7</string>
			<key>isa</key>
			<string>PBXBuildFile</string>
		</dict>
		<key>DEC2AE1515C5D6270078B2C7</key>
		<dict>
			<key>fileRef</key>
			<string>DEC2AE0C15C5D6270078B2C7</string>
			<key>isa</key>
			<string>PBXBuildFile</string>
		</dict>
		<key>DEC2AE1615C5D6270078B2C7</key>
		<dict>
			<key>fileRef</key>
			<string>DEC2AE0E15C5D6270078B2C7</string>
			<key>isa</key>
			<string>PBXBuildFile</string>
		</dict>
		<key>DEC2AE1715C5D6320078B2C7</key>
		<dict>
			<key>children</key>
			<array>
				<string>DEDF87531753077200D9A9A4</string>
				<string>DEDF87541753077200D9A9A4</string>
				<string>DEDF87551753077200D9A9A4</string>
				<string>DEDF87561753077200D9A9A4</string>
				<string>DE0C6ECC1659592D00ED8496</string>
				<string>DEBD0F1C15C5DDE600B9C9B5</string>
				<string>DEBD0F1D15C5DDE600B9C9B5</string>
				<string>DEC2AE0515C5D6270078B2C7</string>
				<string>DEC2AE0315C5D6270078B2C7</string>
				<string>DEC2AE0915C5D6270078B2C7</string>
				<string>DEC2AE0715C5D6270078B2C7</string>
				<string>DEC2AE0815C5D6270078B2C7</string>
				<string>DEC2AE0A15C5D6270078B2C7</string>
			</array>
			<key>isa</key>
			<string>PBXGroup</string>
			<key>name</key>
			<string>Supporting Files</string>
			<key>sourceTree</key>
			<string>&lt;group&gt;</string>
		</dict>
		<key>DEC2AE1815C5D7820078B2C7</key>
		<dict>
			<key>children</key>
			<array>
				<string>DE960F5515C5F84C00BB5E0B</string>
			</array>
			<key>isa</key>
			<string>PBXGroup</string>
			<key>name</key>
			<string>Supporting Files</string>
			<key>sourceTree</key>
			<string>&lt;group&gt;</string>
		</dict>
		<key>DEDF87531753077200D9A9A4</key>
		<dict>
			<key>isa</key>
			<string>PBXFileReference</string>
			<key>lastKnownFileType</key>
			<string>image.png</string>
			<key>path</key>
			<string>WSButtonBackground.png</string>
			<key>sourceTree</key>
			<string>&lt;group&gt;</string>
		</dict>
		<key>DEDF87541753077200D9A9A4</key>
		<dict>
			<key>isa</key>
			<string>PBXFileReference</string>
			<key>lastKnownFileType</key>
			<string>image.png</string>
			<key>path</key>
			<string>WSButtonBackground@2x.png</string>
			<key>sourceTree</key>
			<string>&lt;group&gt;</string>
		</dict>
		<key>DEDF87551753077200D9A9A4</key>
		<dict>
			<key>isa</key>
			<string>PBXFileReference</string>
			<key>lastKnownFileType</key>
			<string>image.png</string>
			<key>path</key>
			<string>WSButtonBackgroundPressed.png</string>
			<key>sourceTree</key>
			<string>&lt;group&gt;</string>
		</dict>
		<key>DEDF87561753077200D9A9A4</key>
		<dict>
			<key>isa</key>
			<string>PBXFileReference</string>
			<key>lastKnownFileType</key>
			<string>image.png</string>
			<key>path</key>
			<string>WSButtonBackgroundPressed@2x.png</string>
			<key>sourceTree</key>
			<string>&lt;group&gt;</string>
		</dict>
		<key>DEDF87571753077200D9A9A4</key>
		<dict>
			<key>fileRef</key>
			<string>DEDF87531753077200D9A9A4</string>
			<key>isa</key>
			<string>PBXBuildFile</string>
		</dict>
		<key>DEDF87581753077200D9A9A4</key>
		<dict>
			<key>fileRef</key>
			<string>DEDF87541753077200D9A9A4</string>
			<key>isa</key>
			<string>PBXBuildFile</string>
		</dict>
		<key>DEDF87591753077200D9A9A4</key>
		<dict>
			<key>fileRef</key>
			<string>DEDF87551753077200D9A9A4</string>
			<key>isa</key>
			<string>PBXBuildFile</string>
		</dict>
		<key>DEDF875A1753077200D9A9A4</key>
		<dict>
			<key>fileRef</key>
			<string>DEDF87561753077200D9A9A4</string>
			<key>isa</key>
			<string>PBXBuildFile</string>
		</dict>
		<key>DEEC0FEE156B32B600B1F0D2</key>
		<dict>
			<key>buildActionMask</key>
			<string>2147483647</string>
			<key>files</key>
			<array>
				<string>DEC2ADF315C5D5D60078B2C7</string>
				<string>DEC2ADF715C5D5D60078B2C7</string>
				<string>DEC2ADF915C5D5D60078B2C7</string>
				<string>DEC2ADFB15C5D5D60078B2C7</string>
				<string>DEC2ADFD15C5D5D60078B2C7</string>
				<string>DEC2ADFF15C5D5D60078B2C7</string>
				<string>DEC2AE0115C5D5D60078B2C7</string>
			</array>
			<key>isa</key>
			<string>PBXSourcesBuildPhase</string>
			<key>runOnlyForDeploymentPostprocessing</key>
			<string>0</string>
		</dict>
		<key>DEEC0FEF156B32B600B1F0D2</key>
		<dict>
			<key>buildActionMask</key>
			<string>2147483647</string>
			<key>files</key>
			<array>
				<string>DEEC1018156B333600B1F0D2</string>
				<string>DEEC1017156B332900B1F0D2</string>
				<string>DEEC0FF3156B32B600B1F0D2</string>
			</array>
			<key>isa</key>
			<string>PBXFrameworksBuildPhase</string>
			<key>runOnlyForDeploymentPostprocessing</key>
			<string>0</string>
		</dict>
		<key>DEEC0FF0156B32B600B1F0D2</key>
		<dict>
			<key>buildActionMask</key>
			<string>2147483647</string>
			<key>files</key>
			<array>
				<string>DEC2ADF515C5D5D60078B2C7</string>
				<string>DEC2ADF615C5D5D60078B2C7</string>
				<string>04876A061A31921900350563</string>
				<string>DEC2ADF215C5D5D60078B2C7</string>
				<string>DEC2ADF815C5D5D60078B2C7</string>
				<string>DEC2ADFA15C5D5D60078B2C7</string>
				<string>DEC2ADFC15C5D5D60078B2C7</string>
				<string>DEC2ADFE15C5D5D60078B2C7</string>
				<string>DEC2AE0015C5D5D60078B2C7</string>
				<string>DE960F5615C5F84C00BB5E0B</string>
			</array>
			<key>isa</key>
			<string>PBXHeadersBuildPhase</string>
			<key>runOnlyForDeploymentPostprocessing</key>
			<string>0</string>
		</dict>
		<key>DEEC0FF1156B32B600B1F0D2</key>
		<dict>
			<key>buildConfigurationList</key>
			<string>DEEC1013156B32B600B1F0D2</string>
			<key>buildPhases</key>
			<array>
				<string>DEEC0FEE156B32B600B1F0D2</string>
				<string>DEEC0FEF156B32B600B1F0D2</string>
				<string>DEEC0FF0156B32B600B1F0D2</string>
			</array>
			<key>buildRules</key>
			<array/>
			<key>dependencies</key>
			<array/>
			<key>isa</key>
			<string>PBXNativeTarget</string>
			<key>name</key>
			<string>WSAssetPicker</string>
			<key>productName</key>
			<string>WSAssetPicker</string>
			<key>productReference</key>
			<string>DEEC0FF2156B32B600B1F0D2</string>
			<key>productType</key>
			<string>com.apple.product-type.library.static</string>
		</dict>
		<key>DEEC0FF2156B32B600B1F0D2</key>
		<dict>
			<key>explicitFileType</key>
			<string>archive.ar</string>
			<key>includeInIndex</key>
			<string>0</string>
			<key>isa</key>
			<string>PBXFileReference</string>
			<key>path</key>
			<string>libWSAssetPicker.a</string>
			<key>sourceTree</key>
			<string>BUILT_PRODUCTS_DIR</string>
		</dict>
		<key>DEEC0FF3156B32B600B1F0D2</key>
		<dict>
			<key>fileRef</key>
			<string>DE017CFA155EC92F002E7BB0</string>
			<key>isa</key>
			<string>PBXBuildFile</string>
		</dict>
		<key>DEEC100F156B32B600B1F0D2</key>
		<dict>
			<key>buildSettings</key>
			<dict>
				<key>DEAD_CODE_STRIPPING</key>
				<string>NO</string>
				<key>DSTROOT</key>
				<string>/tmp/WSAssetPicker.dst</string>
				<key>GCC_GENERATE_DEBUGGING_SYMBOLS</key>
				<string>YES</string>
				<key>GCC_PRECOMPILE_PREFIX_HEADER</key>
				<string>YES</string>
				<key>GCC_PREFIX_HEADER</key>
				<string>src/WSAssetPicker-Prefix.pch</string>
				<key>MACH_O_TYPE</key>
				<string>staticlib</string>
				<key>OTHER_LDFLAGS</key>
				<string>-ObjC</string>
				<key>PRODUCT_NAME</key>
				<string>$(TARGET_NAME)</string>
				<key>PUBLIC_HEADERS_FOLDER_PATH</key>
				<string>include/$(TARGET_NAME)</string>
				<key>SKIP_INSTALL</key>
				<string>YES</string>
				<key>STRIP_STYLE</key>
				<string>non-global</string>
			</dict>
			<key>isa</key>
			<string>XCBuildConfiguration</string>
			<key>name</key>
			<string>Debug</string>
		</dict>
		<key>DEEC1010156B32B600B1F0D2</key>
		<dict>
			<key>buildSettings</key>
			<dict>
				<key>COPY_PHASE_STRIP</key>
				<string>NO</string>
				<key>DEAD_CODE_STRIPPING</key>
				<string>NO</string>
				<key>DSTROOT</key>
				<string>/tmp/WSAssetPicker.dst</string>
				<key>GCC_GENERATE_DEBUGGING_SYMBOLS</key>
				<string>YES</string>
				<key>GCC_PRECOMPILE_PREFIX_HEADER</key>
				<string>YES</string>
				<key>GCC_PREFIX_HEADER</key>
				<string>src/WSAssetPicker-Prefix.pch</string>
				<key>MACH_O_TYPE</key>
				<string>staticlib</string>
				<key>OTHER_LDFLAGS</key>
				<string>-ObjC</string>
				<key>PRODUCT_NAME</key>
				<string>$(TARGET_NAME)</string>
				<key>PUBLIC_HEADERS_FOLDER_PATH</key>
				<string>include/$(TARGET_NAME)</string>
				<key>SKIP_INSTALL</key>
				<string>YES</string>
				<key>STRIP_STYLE</key>
				<string>non-global</string>
			</dict>
			<key>isa</key>
			<string>XCBuildConfiguration</string>
			<key>name</key>
			<string>Release</string>
		</dict>
		<key>DEEC1013156B32B600B1F0D2</key>
		<dict>
			<key>buildConfigurations</key>
			<array>
				<string>DEEC100F156B32B600B1F0D2</string>
				<string>DEEC1010156B32B600B1F0D2</string>
			</array>
			<key>defaultConfigurationIsVisible</key>
			<string>0</string>
			<key>defaultConfigurationName</key>
			<string>Release</string>
			<key>isa</key>
			<string>XCConfigurationList</string>
		</dict>
		<key>DEEC1017156B332900B1F0D2</key>
		<dict>
			<key>fileRef</key>
			<string>DE7FF813155ECB0A00D7B3E8</string>
			<key>isa</key>
			<string>PBXBuildFile</string>
		</dict>
		<key>DEEC1018156B333600B1F0D2</key>
		<dict>
			<key>fileRef</key>
			<string>DE017CF8155EC92F002E7BB0</string>
			<key>isa</key>
			<string>PBXBuildFile</string>
		</dict>
		<key>DEEC102A156B39AB00B1F0D2</key>
		<dict>
			<key>fileRef</key>
			<string>DEEC0FF2156B32B600B1F0D2</string>
			<key>isa</key>
			<string>PBXBuildFile</string>
		</dict>
		<key>DEEC102B156B39AF00B1F0D2</key>
		<dict>
			<key>fileRef</key>
			<string>DEEC0FF2156B32B600B1F0D2</string>
			<key>isa</key>
			<string>PBXBuildFile</string>
		</dict>
		<key>DF8C127AA6E74EA5B04B6C1D</key>
		<dict>
			<key>explicitFileType</key>
			<string>archive.ar</string>
			<key>includeInIndex</key>
			<string>0</string>
			<key>isa</key>
			<string>PBXFileReference</string>
			<key>path</key>
			<string>libPods.a</string>
			<key>sourceTree</key>
			<string>BUILT_PRODUCTS_DIR</string>
		</dict>
	</dict>
	<key>rootObject</key>
	<string>DE017CEB155EC92F002E7BB0</string>
</dict>
</plist>
